lockfileVersion: '6.0'

settings:
  autoInstallPeers: true
  excludeLinksFromLockfile: false

dependencies:
  '@solid-primitives/clipboard':
    specifier: ^1.5.10
    version: 1.5.10(solid-js@1.9.3)
  '@solid-primitives/scheduled':
    specifier: ^1.4.4
    version: 1.4.4(solid-js@1.9.3)
  '@solid-primitives/transition-group':
    specifier: ^1.0.5
    version: 1.0.5(solid-js@1.9.3)
  '@tanstack/solid-query':
    specifier: ^5.60.5
    version: 5.60.5(solid-js@1.9.3)
  solid-query:
    specifier: ^0.0.7
    version: 0.0.7(solid-js@1.9.3)
  solid-transition-group:
    specifier: ^0.2.3
    version: 0.2.3(solid-js@1.9.3)

packages:

  /@solid-primitives/clipboard@1.5.10(solid-js@1.9.3):
    resolution: {integrity: sha512-ohwlrBP4j+Qjksg01CFWaP/USpzX78dBNVA1DPRZkf/vJgytX0T6KMc2YxF6o8fs6ePIYSI8Nt3sKxF0sh1q+Q==}
    peerDependencies:
      solid-js: ^1.6.12
    dependencies:
      '@solid-primitives/utils': 6.2.3(solid-js@1.9.3)
      solid-js: 1.9.3
    dev: false

  /@solid-primitives/refs@1.0.8(solid-js@1.9.3):
    resolution: {integrity: sha512-+jIsWG8/nYvhaCoG2Vg6CJOLgTmPKFbaCrNQKWfChalgUf9WrVxWw0CdJb3yX15n5lUcQ0jBo6qYtuVVmBLpBw==}
    peerDependencies:
      solid-js: ^1.6.12
    dependencies:
      '@solid-primitives/utils': 6.2.3(solid-js@1.9.3)
      solid-js: 1.9.3
    dev: false

  /@solid-primitives/scheduled@1.4.4(solid-js@1.9.3):
    resolution: {integrity: sha512-BTGdFP7t+s7RSak+s1u0eTix4lHP23MrbGkgQTFlt1E+4fmnD/bEx3ZfNW7Grylz3GXgKyXrgDKA7jQ/wuWKgA==}
    peerDependencies:
      solid-js: ^1.6.12
    dependencies:
      solid-js: 1.9.3
    dev: false

  /@solid-primitives/transition-group@1.0.5(solid-js@1.9.3):
    resolution: {integrity: sha512-G3FuqvL13kQ55WzWPX2ewiXdZ/1iboiX53195sq7bbkDbXqP6TYKiadwEdsaDogW5rPnPYAym3+xnsNplQJRKQ==}
    peerDependencies:
      solid-js: ^1.6.12
    dependencies:
      solid-js: 1.9.3
    dev: false

  /@solid-primitives/utils@6.2.3(solid-js@1.9.3):
    resolution: {integrity: sha512-CqAwKb2T5Vi72+rhebSsqNZ9o67buYRdEJrIFzRXz3U59QqezuuxPsyzTSVCacwS5Pf109VRsgCJQoxKRoECZQ==}
    peerDependencies:
      solid-js: ^1.6.12
    dependencies:
      solid-js: 1.9.3
    dev: false

  /@tanstack/query-core@5.60.5:
    resolution: {integrity: sha512-jiS1aC3XI3BJp83ZiTuDLerTmn9P3U95r6p+6/SNauLJaYxfIC4dMuWygwnBHIZxjn2zJqEpj3nysmPieoxfPQ==}
    dev: false

  /@tanstack/solid-query@5.60.5(solid-js@1.9.3):
    resolution: {integrity: sha512-dIXykDlayPKKiavP77OiWve18qMyExe/8dSklUurQOt2KeaSBflQ3dhOq5o+AAPFICCLeuXEa344LtO8oQYanw==}
    peerDependencies:
      solid-js: ^1.6.0
    dependencies:
      '@tanstack/query-core': 5.60.5
      solid-js: 1.9.3
    dev: false

  /csstype@3.1.3:
    resolution: {integrity: sha512-M1uQkMl8rQK/szD0LNhtqxIPLpimGm8sOBwU7lLnCpSbTyY3yeU1Vc7l4KT5zT4s/yOxHH5O7tIuuLOCnLADRw==}
    dev: false

  /seroval-plugins@1.1.1(seroval@1.1.1):
    resolution: {integrity: sha512-qNSy1+nUj7hsCOon7AO4wdAIo9P0jrzAMp18XhiOzA6/uO5TKtP7ScozVJ8T293oRIvi5wyCHSM4TrJo/c/GJA==}
    engines: {node: '>=10'}
    peerDependencies:
      seroval: ^1.0
    dependencies:
      seroval: 1.1.1
    dev: false

  /seroval@1.1.1:
    resolution: {integrity: sha512-rqEO6FZk8mv7Hyv4UCj3FD3b6Waqft605TLfsCe/BiaylRpyyMC0b+uA5TJKawX3KzMrdi3wsLbCaLplrQmBvQ==}
    engines: {node: '>=10'}
    dev: false

  /solid-js@1.9.3:
    resolution: {integrity: sha512-5ba3taPoZGt9GY3YlsCB24kCg0Lv/rie/HTD4kG6h4daZZz7+yK02xn8Vx8dLYBc9i6Ps5JwAbEiqjmKaLB3Ag==}
    dependencies:
      csstype: 3.1.3
      seroval: 1.1.1
      seroval-plugins: 1.1.1(seroval@1.1.1)
    dev: false

  /solid-query@0.0.7(solid-js@1.9.3):
    resolution: {integrity: sha512-szKGSNI/n3s/evbV3hm6Ke+v2CLXD4t7AJ40M+9AAgVaubvkxO3DpDUnQL2BPeTqmihIUYFcRJuhzh00bgORhw==}
    peerDependencies:
      solid-js: '*'
    dependencies:
      solid-js: 1.9.3
    dev: false

  /solid-transition-group@0.2.3(solid-js@1.9.3):
    resolution: {integrity: sha512-iB72c9N5Kz9ykRqIXl0lQohOau4t0dhel9kjwFvx81UZJbVwaChMuBuyhiZmK24b8aKEK0w3uFM96ZxzcyZGdg==}
    engines: {node: '>=18.0.0', pnpm: '>=8.6.0'}
    peerDependencies:
      solid-js: ^1.6.12
    dependencies:
      '@solid-primitives/refs': 1.0.8(solid-js@1.9.3)
      '@solid-primitives/transition-group': 1.0.5(solid-js@1.9.3)
      solid-js: 1.9.3
    dev: false
